<?xml version="1.0" encoding="utf-8"?>
<Project ToolsVersion="4.0" xmlns="http://schemas.microsoft.com/developer/msbuild/2003">
  <ItemGroup>
    <Filter Include="Source Files">
      <UniqueIdentifier>{4FC737F1-C7A5-4376-A066-2A32D752A2FF}</UniqueIdentifier>
      <Extensions>cpp;c;cc;cxx;def;odl;idl;hpj;bat;asm;asmx</Extensions>
    </Filter>
    <Filter Include="Header Files">
      <UniqueIdentifier>{93995380-89BD-4b04-88EB-625FBE52EBFB}</UniqueIdentifier>
      <Extensions>h;hh;hpp;hxx;hm;inl;inc;xsd</Extensions>
    </Filter>
    <Filter Include="Resource Files">
      <UniqueIdentifier>{67DA6AB6-F800-4c08-8B7A-83BB121AAD01}</UniqueIdentifier>
      <Extensions>rc;ico;cur;bmp;dlg;rc2;rct;bin;rgs;gif;jpg;jpeg;jpe;resx;tiff;tif;png;wav;mfcribbon-ms</Extensions>
    </Filter>
    <Filter Include="Header Files\base">
      <UniqueIdentifier>{82d567b1-15ec-4fcd-89e4-6a94375d930c}</UniqueIdentifier>
    </Filter>
    <Filter Include="Header Files\elements">
      <UniqueIdentifier>{5bb87b2f-e950-494b-9375-356addfd4054}</UniqueIdentifier>
    </Filter>
    <Filter Include="Source Files\base">
      <UniqueIdentifier>{869a2045-0a1a-49c4-b574-973d756a6d3f}</UniqueIdentifier>
    </Filter>
    <Filter Include="Source Files\elements">
      <UniqueIdentifier>{0344f541-dc4d-49a9-94ef-7ed514dde743}</UniqueIdentifier>
    </Filter>
  </ItemGroup>
  <ItemGroup>
    <ClInclude Include="..\..\..\source\natUI\base_component.h">
      <Filter>Header Files\base</Filter>
    </ClInclude>
    <ClInclude Include="..\..\..\source\natUI\base_control.h">
      <Filter>Header Files\base</Filter>
    </ClInclude>
    <ClInclude Include="..\..\..\source\natUI\base_handle.h">
      <Filter>Header Files\base</Filter>
    </ClInclude>
    <ClInclude Include="..\..\..\source\natUI\base_textual.h">
      <Filter>Header Files\base</Filter>
    </ClInclude>
    <ClInclude Include="..\..\..\source\natUI\base.h">
      <Filter>Header Files\base</Filter>
    </ClInclude>
    <ClInclude Include="..\..\..\source\natUI\natUI.h">
      <Filter>Header Files</Filter>
    </ClInclude>
    <ClInclude Include="..\..\..\source\natUI\vk.h">
      <Filter>Header Files</Filter>
    </ClInclude>
    <ClInclude Include="..\..\..\source\natUI\progressbar.h">
      <Filter>Header Files\elements</Filter>
    </ClInclude>
    <ClInclude Include="..\..\..\source\natUI\radiobutton.h">
      <Filter>Header Files\elements</Filter>
    </ClInclude>
    <ClInclude Include="..\..\..\source\natUI\static.h">
      <Filter>Header Files\elements</Filter>
    </ClInclude>
    <ClInclude Include="..\..\..\source\natUI\statusbar.h">
      <Filter>Header Files\elements</Filter>
    </ClInclude>
    <ClInclude Include="..\..\..\source\natUI\toolbar.h">
      <Filter>Header Files\elements</Filter>
    </ClInclude>
    <ClInclude Include="..\..\..\source\natUI\trackbar.h">
      <Filter>Header Files\elements</Filter>
    </ClInclude>
    <ClInclude Include="..\..\..\source\natUI\updown.h">
      <Filter>Header Files\elements</Filter>
    </ClInclude>
    <ClInclude Include="..\..\..\source\natUI\window.h">
      <Filter>Header Files\elements</Filter>
    </ClInclude>
    <ClInclude Include="..\..\..\source\natUI\button.h">
      <Filter>Header Files\elements</Filter>
    </ClInclude>
    <ClInclude Include="..\..\..\source\natUI\checkbox.h">
      <Filter>Header Files\elements</Filter>
    </ClInclude>
    <ClInclude Include="..\..\..\source\natUI\combobox.h">
      <Filter>Header Files\elements</Filter>
    </ClInclude>
    <ClInclude Include="..\..\..\source\natUI\edit.h">
      <Filter>Header Files\elements</Filter>
    </ClInclude>
    <ClInclude Include="..\..\..\source\natUI\groupbox.h">
      <Filter>Header Files\elements</Filter>
    </ClInclude>
    <ClInclude Include="..\..\..\source\natUI\hint.h">
      <Filter>Header Files\elements</Filter>
    </ClInclude>
    <ClInclude Include="..\..\..\source\natUI\listbox.h">
      <Filter>Header Files\elements</Filter>
    </ClInclude>
    <ClInclude Include="..\..\..\source\natUI\listview.h">
      <Filter>Header Files\elements</Filter>
    </ClInclude>
    <ClInclude Include="..\..\..\source\natUI\memo.h">
      <Filter>Header Files\elements</Filter>
    </ClInclude>
    <ClInclude Include="..\..\..\source\natUI\menu.h">
      <Filter>Header Files\elements</Filter>
    </ClInclude>
    <ClInclude Include="..\..\..\source\natUI\natUI_wrap.h">
      <Filter>Header Files</Filter>
    </ClInclude>
    <ClInclude Include="..\..\..\source\common\string.h">
      <Filter>Header Files</Filter>
    </ClInclude>
    <ClInclude Include="..\..\..\source\natUI\manager.h">
      <Filter>Header Files</Filter>
    </ClInclude>
  </ItemGroup>
  <ItemGroup>
    <ClCompile Include="..\..\..\source\natUI\base_textual.cpp">
      <Filter>Source Files\base</Filter>
    </ClCompile>
    <ClCompile Include="..\..\..\source\natUI\base.cpp">
      <Filter>Source Files\base</Filter>
    </ClCompile>
    <ClCompile Include="..\..\..\source\natUI\base_component.cpp">
      <Filter>Source Files\base</Filter>
    </ClCompile>
    <ClCompile Include="..\..\..\source\natUI\base_control.cpp">
      <Filter>Source Files\base</Filter>
    </ClCompile>
    <ClCompile Include="..\..\..\source\natUI\base_handle.cpp">
      <Filter>Source Files\base</Filter>
    </ClCompile>
    <ClCompile Include="..\..\..\source\natUI\natUI_dll.cpp">
      <Filter>Source Files</Filter>
    </ClCompile>
    <ClCompile Include="..\..\..\source\natUI\window.cpp">
      <Filter>Source Files\elements</Filter>
    </ClCompile>
    <ClCompile Include="..\..\..\source\natUI\button.cpp">
      <Filter>Source Files\elements</Filter>
    </ClCompile>
    <ClCompile Include="..\..\..\source\natUI\checkbox.cpp">
      <Filter>Source Files\elements</Filter>
    </ClCompile>
    <ClCompile Include="..\..\..\source\natUI\combobox.cpp">
      <Filter>Source Files\elements</Filter>
    </ClCompile>
    <ClCompile Include="..\..\..\source\natUI\edit.cpp">
      <Filter>Source Files\elements</Filter>
    </ClCompile>
    <ClCompile Include="..\..\..\source\natUI\groupbox.cpp">
      <Filter>Source Files\elements</Filter>
    </ClCompile>
    <ClCompile Include="..\..\..\source\natUI\hint.cpp">
      <Filter>Source Files\elements</Filter>
    </ClCompile>
    <ClCompile Include="..\..\..\source\natUI\listbox.cpp">
      <Filter>Source Files\elements</Filter>
    </ClCompile>
    <ClCompile Include="..\..\..\source\natUI\listview.cpp">
      <Filter>Source Files\elements</Filter>
    </ClCompile>
    <ClCompile Include="..\..\..\source\natUI\memo.cpp">
      <Filter>Source Files\elements</Filter>
    </ClCompile>
    <ClCompile Include="..\..\..\source\natUI\menu.cpp">
      <Filter>Source Files\elements</Filter>
    </ClCompile>
    <ClCompile Include="..\..\..\source\natUI\progressbar.cpp">
      <Filter>Source Files\elements</Filter>
    </ClCompile>
    <ClCompile Include="..\..\..\source\natUI\radiobutton.cpp">
      <Filter>Source Files\elements</Filter>
    </ClCompile>
    <ClCompile Include="..\..\..\source\natUI\static.cpp">
      <Filter>Source Files\elements</Filter>
    </ClCompile>
    <ClCompile Include="..\..\..\source\natUI\statusbar.cpp">
      <Filter>Source Files\elements</Filter>
    </ClCompile>
    <ClCompile Include="..\..\..\source\natUI\toolbar.cpp">
      <Filter>Source Files\elements</Filter>
    </ClCompile>
    <ClCompile Include="..\..\..\source\natUI\trackbar.cpp">
      <Filter>Source Files\elements</Filter>
    </ClCompile>
    <ClCompile Include="..\..\..\source\natUI\updown.cpp">
      <Filter>Source Files\elements</Filter>
    </ClCompile>
    <ClCompile Include="..\..\..\source\natUI\natUI.cpp">
      <Filter>Source Files</Filter>
    </ClCompile>
    <ClCompile Include="..\..\..\source\common\string.cpp">
      <Filter>Source Files</Filter>
    </ClCompile>
    <ClCompile Include="..\..\..\source\natUI\manager.cpp">
      <Filter>Source Files</Filter>
    </ClCompile>
  </ItemGroup>
</Project>